
Microsoft Visual Studio Solution File, Format Version 12.00
# Visual Studio Version 17
VisualStudioVersion = 17.9.34414.90
MinimumVisualStudioVersion = 10.0.40219.1
Project("{FAE04EC0-301F-11D3-BF4B-00C04F79EFBC}") = "ShadowPluginLoader.Tool", "ShadowPluginLoader.Tool\ShadowPluginLoader.Tool.csproj", "{17474796-64AD-4B62-ADAE-C37A8B547987}"
EndProject
Project("{FAE04EC0-301F-11D3-BF4B-00C04F79EFBC}") = "ShadowPluginLoader.Attributes", "ShadowPluginLoader.Attributes\ShadowPluginLoader.Attributes.csproj", "{26C593F7-3941-42FA-82EC-33F44AC48032}"
EndProject
Project("{FAE04EC0-301F-11D3-BF4B-00C04F79EFBC}") = "ShadowPluginLoader.VersionGen", "ShadowPluginLoader.VersionGen\ShadowPluginLoader.VersionGen.csproj", "{D94588BC-8B75-4C48-95D6-CA801DDC3C8B}"
EndProject
Global
	GlobalSection(SolutionConfigurationPlatforms) = preSolution
		Debug|Any CPU = Debug|Any CPU
		Release|Any CPU = Release|Any CPU
	EndGlobalSection
	GlobalSection(ProjectConfigurationPlatforms) = postSolution
		{17474796-64AD-4B62-ADAE-C37A8B547987}.Debug|Any CPU.ActiveCfg = Debug|Any CPU
		{17474796-64AD-4B62-ADAE-C37A8B547987}.Debug|Any CPU.Build.0 = Debug|Any CPU
		{17474796-64AD-4B62-ADAE-C37A8B547987}.Release|Any CPU.ActiveCfg = Release|Any CPU
		{17474796-64AD-4B62-ADAE-C37A8B547987}.Release|Any CPU.Build.0 = Release|Any CPU
		{26C593F7-3941-42FA-82EC-33F44AC48032}.Debug|Any CPU.ActiveCfg = Debug|Any CPU
		{26C593F7-3941-42FA-82EC-33F44AC48032}.Debug|Any CPU.Build.0 = Debug|Any CPU
		{26C593F7-3941-42FA-82EC-33F44AC48032}.Release|Any CPU.ActiveCfg = Release|Any CPU
		{26C593F7-3941-42FA-82EC-33F44AC48032}.Release|Any CPU.Build.0 = Release|Any CPU
		{D94588BC-8B75-4C48-95D6-CA801DDC3C8B}.Debug|Any CPU.ActiveCfg = Debug|Any CPU
		{D94588BC-8B75-4C48-95D6-CA801DDC3C8B}.Debug|Any CPU.Build.0 = Debug|Any CPU
		{D94588BC-8B75-4C48-95D6-CA801DDC3C8B}.Release|Any CPU.ActiveCfg = Release|Any CPU
		{D94588BC-8B75-4C48-95D6-CA801DDC3C8B}.Release|Any CPU.Build.0 = Release|Any CPU
	EndGlobalSection
	GlobalSection(SolutionProperties) = preSolution
		HideSolutionNode = FALSE
	EndGlobalSection
	GlobalSection(ExtensibilityGlobals) = postSolution
		SolutionGuid = {526BA979-7CFA-47F6-9A7E-F2D99C579F0F}
	EndGlobalSection
EndGlobal
